
Microsoft Visual Studio Solution File, Format Version 12.00
# Visual Studio Version 17
VisualStudioVersion = 17.14.36202.13 d17.14
MinimumVisualStudioVersion = 10.0.40219.1
Project("{FAE04EC0-301F-11D3-BF4B-00C04F79EFBC}") = "Exercicios", "Exercicios\Exercicios.csproj", "{1C54D044-3A9F-4F94-B233-47C4C3E7D069}"
EndProject
Global
	GlobalSection(SolutionConfigurationPlatforms) = preSolution
		Debug|Any CPU = Debug|Any CPU
		Release|Any CPU = Release|Any CPU
	EndGlobalSection
	GlobalSection(ProjectConfigurationPlatforms) = postSolution
		{1C54D044-3A9F-4F94-B233-47C4C3E7D069}.Debug|Any CPU.ActiveCfg = Debug|Any CPU
		{1C54D044-3A9F-4F94-B233-47C4C3E7D069}.Debug|Any CPU.Build.0 = Debug|Any CPU
		{1C54D044-3A9F-4F94-B233-47C4C3E7D069}.Release|Any CPU.ActiveCfg = Release|Any CPU
		{1C54D044-3A9F-4F94-B233-47C4C3E7D069}.Release|Any CPU.Build.0 = Release|Any CPU
	EndGlobalSection
	GlobalSection(SolutionProperties) = preSolution
		HideSolutionNode = FALSE
	EndGlobalSection
	GlobalSection(ExtensibilityGlobals) = postSolution
		SolutionGuid = {6D97D1FF-896F-4527-9D2F-67CE52629C24}
	EndGlobalSection
EndGlobal
